
Microsoft Visual Studio Solution File, Format Version 12.00
# Visual Studio 15
VisualStudioVersion = 15.0.28307.421
MinimumVisualStudioVersion = 10.0.40219.1
Project("{FAE04EC0-301F-11D3-BF4B-00C04F79EFBC}") = "NetCoreDockerDemo", "NetCoreDockerDemo\NetCoreDockerDemo.csproj", "{70ADE01C-597E-4FD5-92A2-EE4ECC651D65}"
EndProject
Global
	GlobalSection(SolutionConfigurationPlatforms) = preSolution
		Debug|Any CPU = Debug|Any CPU
		Release|Any CPU = Release|Any CPU
	EndGlobalSection
	GlobalSection(ProjectConfigurationPlatforms) = postSolution
		{70ADE01C-597E-4FD5-92A2-EE4ECC651D65}.Debug|Any CPU.ActiveCfg = Debug|Any CPU
		{70ADE01C-597E-4FD5-92A2-EE4ECC651D65}.Debug|Any CPU.Build.0 = Debug|Any CPU
		{70ADE01C-597E-4FD5-92A2-EE4ECC651D65}.Release|Any CPU.ActiveCfg = Release|Any CPU
		{70ADE01C-597E-4FD5-92A2-EE4ECC651D65}.Release|Any CPU.Build.0 = Release|Any CPU
	EndGlobalSection
	GlobalSection(SolutionProperties) = preSolution
		HideSolutionNode = FALSE
	EndGlobalSection
	GlobalSection(ExtensibilityGlobals) = postSolution
		SolutionGuid = {BDD30DEA-7931-4947-A108-2B24DD643D6D}
	EndGlobalSection
EndGlobal
